{
  "lockfile-version": 1,
  "manifest": {
    "schema-version": "1.14.0",
    "install": {
      "nodejs_26": {
        "pkg-path": "nodejs_26"
      }
    },
    "hook": {},
    "profile": {},
    "options": {}
  },
  "packages": [
    {
      "attr_path": "nodejs_26",
      "broken": false,
      "derivation": "/nix/store/pa5bszd3isnw1y0gq63rky767kfw1q4i-nodejs-26.6.0.drv",
      "description": "Event-driven I/O framework for the V8 JavaScript engine",
      "install_id": "nodejs_26",
      "license": "MIT",
      "locked_url": "https://github.com/flox/nixpkgs?rev=e72e4f299401a3689d4b3d5fc6496b11db7064eb",
      "name": "nodejs-26.6.0",
      "pname": "nodejs_26",
      "rev": "e72e4f299401a3689d4b3d5fc6496b11db7064eb",
      "rev_count": 1047536,
      "rev_date": "2026-08-04T07:31:08Z",
      "scrape_date": "2026-08-05T04:55:00.640672Z",
      "stabilities": [
        "unstable"
      ],
      "unfree": false,
      "version": "26.6.0",
      "outputs_to_install": [
        "out"
      ],
      "outputs": {
        "out": "/nix/store/ykjy40l4pkhsz7k7g2hig56y31njg2l9-nodejs-26.6.0"
      },
      "system": "aarch64-darwin",
      "group": "toplevel",
      "priority": 5
    },
    {
      "attr_path": "nodejs_26",
      "broken": false,
      "derivation": "/nix/store/djb655qwc1jnxcax8km82pxsvalfrrcv-nodejs-26.6.0.drv",
      "description": "Event-driven I/O framework for the V8 JavaScript engine",
      "install_id": "nodejs_26",
      "license": "MIT",
      "locked_url": "https://github.com/flox/nixpkgs?rev=e72e4f299401a3689d4b3d5fc6496b11db7064eb",
      "name": "nodejs-26.6.0",
      "pname": "nodejs_26",
      "rev": "e72e4f299401a3689d4b3d5fc6496b11db7064eb",
      "rev_count": 1047536,
      "rev_date": "2026-08-04T07:31:08Z",
      "scrape_date": "2026-08-05T05:24:21.898181Z",
      "stabilities": [
        "unstable"
      ],
      "unfree": false,
      "version": "26.6.0",
      "outputs_to_install": [
        "out"
      ],
      "outputs": {
        "out": "/nix/store/aylxr4ra9f0l9xyjns6rl805xj6w2g06-nodejs-26.6.0"
      },
      "system": "aarch64-linux",
      "group": "toplevel",
      "priority": 5
    },
    {
      "attr_path": "nodejs_26",
      "broken": false,
      "derivation": "/nix/store/6jpxdqy06bh2xm1x42zc0xyvw6yq5q39-nodejs-26.6.0.drv",
      "description": "Event-driven I/O framework for the V8 JavaScript engine",
      "install_id": "nodejs_26",
      "license": "MIT",
      "locked_url": "https://github.com/flox/nixpkgs?rev=e72e4f299401a3689d4b3d5fc6496b11db7064eb",
      "name": "nodejs-26.6.0",
      "pname": "nodejs_26",
      "rev": "e72e4f299401a3689d4b3d5fc6496b11db7064eb",
      "rev_count": 1047536,
      "rev_date": "2026-08-04T07:31:08Z",
      "scrape_date": "2026-08-05T05:57:41.521342Z",
      "stabilities": [
        "unstable"
      ],
      "unfree": false,
      "version": "26.6.0",
      "outputs_to_install": [
        "out"
      ],
      "outputs": {
        "out": "/nix/store/spgsfdm2api24q9wjbz097jj17rd9lhy-nodejs-26.6.0"
      },
      "system": "x86_64-linux",
      "group": "toplevel",
      "priority": 5
    }
  ]
}
